// !$*UTF8*$!
{
	archiveVersion = 1;
	classes = {
	};
	objectVersion = 56;
	objects = {

/* Begin PBXBuildFile section */
		BAF6DDCF28E65E8F0075B6C3 /* ValorantDexApp.swift in Sources */ = {isa = PBXBuildFile; fileRef = BAF6DDCE28E65E8F0075B6C3 /* ValorantDexApp.swift */; };
		BAF6DDD128E65E8F0075B6C3 /* ContentView.swift in Sources */ = {isa = PBXBuildFile; fileRef = BAF6DDD028E65E8F0075B6C3 /* ContentView.swift */; };
		BAF6DDD328E65E910075B6C3 /* Assets.xcassets in Resources */ = {isa = PBXBuildFile; fileRef = BAF6DDD228E65E910075B6C3 /* Assets.xcassets */; };
		BAF6DDD628E65E910075B6C3 /* Preview Assets.xcassets in Resources */ = {isa = PBXBuildFile; fileRef = BAF6DDD528E65E910075B6C3 /* Preview Assets.xcassets */; };
		BAF6DDDD28E65F390075B6C3 /* Agent.swift in Sources */ = {isa = PBXBuildFile; fileRef = BAF6DDDC28E65F390075B6C3 /* Agent.swift */; };
		BAF6DDDF28E669BE0075B6C3 /* DetailedAgent.swift in Sources */ = {isa = PBXBuildFile; fileRef = BAF6DDDE28E669BE0075B6C3 /* DetailedAgent.swift */; };
		BAF6DDE128E670F80075B6C3 /* CircleImageView.swift in Sources */ = {isa = PBXBuildFile; fileRef = BAF6DDE028E670F80075B6C3 /* CircleImageView.swift */; };
/* End PBXBuildFile section */

/* Begin PBXFileReference section */
		BAF6DDCB28E65E8F0075B6C3 /* ValorantDex.app */ = {isa = PBXFileReference; explicitFileType = wrapper.application; includeInIndex = 0; path = ValorantDex.app; sourceTree = BUILT_PRODUCTS_DIR; };
		BAF6DDCE28E65E8F0075B6C3 /* ValorantDexApp.swift */ = {isa = PBXFileReference; lastKnownFileType = sourcecode.swift; path = ValorantDexApp.swift; sourceTree = "<group>"; };
		BAF6DDD028E65E8F0075B6C3 /* ContentView.swift */ = {isa = PBXFileReference; lastKnownFileType = sourcecode.swift; path = ContentView.swift; sourceTree = "<group>"; };
		BAF6DDD228E65E910075B6C3 /* Assets.xcassets */ = {isa = PBXFileReference; lastKnownFileType = folder.assetcatalog; path = Assets.xcassets; sourceTree = "<group>"; };
		BAF6DDD528E65E910075B6C3 /* Preview Assets.xcassets */ = {isa = PBXFileReference; lastKnownFileType = folder.assetcatalog; path = "Preview Assets.xcassets"; sourceTree = "<group>"; };
		BAF6DDDC28E65F390075B6C3 /* Agent.swift */ = {isa = PBXFileReference; lastKnownFileType = sourcecode.swift; path = Agent.swift; sourceTree = "<group>"; };
		BAF6DDDE28E669BE0075B6C3 /* DetailedAgent.swift */ = {isa = PBXFileReference; lastKnownFileType = sourcecode.swift; path = DetailedAgent.swift; sourceTree = "<group>"; };
		BAF6DDE028E670F80075B6C3 /* CircleImageView.swift */ = {isa = PBXFileReference; lastKnownFileType = sourcecode.swift; path = CircleImageView.swift; sourceTree = "<group>"; };
/* End PBXFileReference section */

/* Begin PBXFrameworksBuildPhase section */
		BAF6DDC828E65E8F0075B6C3 /* Frameworks */ = {
			isa = PBXFrameworksBuildPhase;
			buildActionMask = 2147483647;
			files = (
			);
			runOnlyForDeploymentPostprocessing = 0;
		};
/* End PBXFrameworksBuildPhase section */

/* Begin PBXGroup section */
		BAF6DDC228E65E8F0075B6C3 = {
			isa = PBXGroup;
			children = (
				BAF6DDCD28E65E8F0075B6C3 /* ValorantDex */,
				BAF6DDCC28E65E8F0075B6C3 /* Products */,
			);
			sourceTree = "<group>";
		};
		BAF6DDCC28E65E8F0075B6C3 /* Products */ = {
			isa = PBXGroup;
			children = (
				BAF6DDCB28E65E8F0075B6C3 /* ValorantDex.app */,
			);
			name = Products;
			sourceTree = "<group>";
		};
		BAF6DDCD28E65E8F0075B6C3 /* ValorantDex */ = {
			isa = PBXGroup;
			children = (
				BAF6DDCE28E65E8F0075B6C3 /* ValorantDexApp.swift */,
				BAF6DDDC28E65F390075B6C3 /* Agent.swift */,
				BAF6DDE028E670F80075B6C3 /* CircleImageView.swift */,
				BAF6DDD028E65E8F0075B6C3 /* ContentView.swift */,
				BAF6DDDE28E669BE0075B6C3 /* DetailedAgent.swift */,
				BAF6DDD228E65E910075B6C3 /* Assets.xcassets */,
				BAF6DDD428E65E910075B6C3 /* Preview Content */,
			);
			path = ValorantDex;
			sourceTree = "<group>";
		};
		BAF6DDD428E65E910075B6C3 /* Preview Content */ = {
			isa = PBXGroup;
			children = (
				BAF6DDD528E65E910075B6C3 /* Preview Assets.xcassets */,
			);
			path = "Preview Content";
			sourceTree = "<group>";
		};
/* End PBXGroup section */

/* Begin PBXNativeTarget section */
		BAF6DDCA28E65E8F0075B6C3 /* ValorantDex */ = {
			isa = PBXNativeTarget;
			buildConfigurationList = BAF6DDD928E65E910075B6C3 /* Build configuration list for PBXNativeTarget "ValorantDex" */;
			buildPhases = (
				BAF6DDC728E65E8F0075B6C3 /* Sources */,
				BAF6DDC828E65E8F0075B6C3 /* Frameworks */,
				BAF6DDC928E65E8F0075B6C3 /* Resources */,
			);
			buildRules = (
			);
			dependencies = (
			);
			name = ValorantDex;
			productName = ValorantDex;
			productReference = BAF6DDCB28E65E8F0075B6C3 /* ValorantDex.app */;
			productType = "com.apple.product-type.application";
		};
/* End PBXNativeTarget section */

/* Begin PBXProject section */
		BAF6DDC328E65E8F0075B6C3 /* Project object */ = {
			isa = PBXProject;
			attributes = {
				BuildIndependentTargetsInParallel = 1;
				LastSwiftUpdateCheck = 1400;
				LastUpgradeCheck = 1400;
				TargetAttributes = {
					BAF6DDCA28E65E8F0075B6C3 = {
						CreatedOnToolsVersion = 14.0;
					};
				};
			};
			buildConfigurationList = BAF6DDC628E65E8F0075B6C3 /* Build configuration list for PBXProject "ValorantDex" */;
			compatibilityVersion = "Xcode 14.0";
			developmentRegion = en;
			hasScannedForEncodings = 0;
			knownRegions = (
				en,
				Base,
			);
			mainGroup = BAF6DDC228E65E8F0075B6C3;
			productRefGroup = BAF6DDCC28E65E8F0075B6C3 /* Products */;
			projectDirPath = "";
			projectRoot = "";
			targets = (
				BAF6DDCA28E65E8F0075B6C3 /* ValorantDex */,
			);
		};
/* End PBXProject section */

/* Begin PBXResourcesBuildPhase section */
		BAF6DDC928E65E8F0075B6C3 /* Resources */ = {
			isa = PBXResourcesBuildPhase;
			buildActionMask = 2147483647;
			files = (
				BAF6DDD628E65E910075B6C3 /* Preview Assets.xcassets in Resources */,
				BAF6DDD328E65E910075B6C3 /* Assets.xcassets in Resources */,
			);
			runOnlyForDeploymentPostprocessing = 0;
		};
/* End PBXResourcesBuildPhase section */

/* Begin PBXSourcesBuildPhase section */
		BAF6DDC728E65E8F0075B6C3 /* Sources */ = {
			isa = PBXSourcesBuildPhase;
			buildActionMask = 2147483647;
			files = (
				BAF6DDDD28E65F390075B6C3 /* Agent.swift in Sources */,
				BAF6DDDF28E669BE0075B6C3 /* DetailedAgent.swift in Sources */,
				BAF6DDD128E65E8F0075B6C3 /* ContentView.swift in Sources */,
				BAF6DDE128E670F80075B6C3 /* CircleImageView.swift in Sources */,
				BAF6DDCF28E65E8F0075B6C3 /* ValorantDexApp.swift in Sources */,
			);
			runOnlyForDeploymentPostprocessing = 0;
		};
/* End PBXSourcesBuildPhase section */

/* Begin XCBuildConfiguration section */
		BAF6DDD728E65E910075B6C3 /* Debug */ = {
			isa = XCBuildConfiguration;
			buildSettings = {
				ALWAYS_SEARCH_USER_PATHS = NO;
				CLANG_ANALYZER_NONNULL = YES;
				CLANG_ANALYZER_NUMBER_OBJECT_CONVERSION = YES_AGGRESSIVE;
				CLANG_CXX_LANGUAGE_STANDARD = "gnu++20";
				CLANG_ENABLE_MODULES = YES;
				CLANG_ENABLE_OBJC_ARC = YES;
				CLANG_ENABLE_OBJC_WEAK = YES;
				CLANG_WARN_BLOCK_CAPTURE_AUTORELEASING = YES;
				CLANG_WARN_BOOL_CONVERSION = YES;
				CLANG_WARN_COMMA = YES;
				CLANG_WARN_CONSTANT_CONVERSION = YES;
				CLANG_WARN_DEPRECATED_OBJC_IMPLEMENTATIONS = YES;
				CLANG_WARN_DIRECT_OBJC_ISA_USAGE = YES_ERROR;
				CLANG_WARN_DOCUMENTATION_COMMENTS = YES;
				CLANG_WARN_EMPTY_BODY = YES;
				CLANG_WARN_ENUM_CONVERSION = YES;
				CLANG_WARN_INFINITE_RECURSION = YES;
				CLANG_WARN_INT_CONVERSION = YES;
				CLANG_WARN_NON_LITERAL_NULL_CONVERSION = YES;
				CLANG_WARN_OBJC_IMPLICIT_RETAIN_SELF = YES;
				CLANG_WARN_OBJC_LITERAL_CONVERSION = YES;
				CLANG_WARN_OBJC_ROOT_CLASS = YES_ERROR;
				CLANG_WARN_QUOTED_INCLUDE_IN_FRAMEWORK_HEADER = YES;
				CLANG_WARN_RANGE_LOOP_ANALYSIS = YES;
				CLANG_WARN_STRICT_PROTOTYPES = YES;
				CLANG_WARN_SUSPICIOUS_MOVE = YES;
				CLANG_WARN_UNGUARDED_AVAILABILITY = YES_AGGRESSIVE;
				CLANG_WARN_UNREACHABLE_CODE = YES;
				CLANG_WARN__DUPLICATE_METHOD_MATCH = YES;
				COPY_PHASE_STRIP = NO;
				DEBUG_INFORMATION_FORMAT = dwarf;
				ENABLE_STRICT_OBJC_MSGSEND = YES;
				ENABLE_TESTABILITY = YES;
				GCC_C_LANGUAGE_STANDARD = gnu11;
				GCC_DYNAMIC_NO_PIC = NO;
				GCC_NO_COMMON_BLOCKS = YES;
				GCC_OPTIMIZATION_LEVEL = 0;
				GCC_PREPROCESSOR_DEFINITIONS = (
					"DEBUG=1",
					"$(inherited)",
				);
				GCC_WARN_64_TO_32_BIT_CONVERSION = YES;
				GCC_WARN_ABOUT_RETURN_TYPE = YES_ERROR;
				GCC_WARN_UNDECLARED_SELECTOR = YES;
				GCC_WARN_UNINITIALIZED_AUTOS = YES_AGGRESSIVE;
				GCC_WARN_UNUSED_FUNCTION = YES;
				GCC_WARN_UNUSED_VARIABLE = YES;
				IPHONEOS_DEPLOYMENT_TARGET = 16.0;
				MTL_ENABLE_DEBUG_INFO = INCLUDE_SOURCE;
				MTL_FAST_MATH = YES;
				ONLY_ACTIVE_ARCH = YES;
				SDKROOT = iphoneos;
				SWIFT_ACTIVE_COMPILATION_CONDITIONS = DEBUG;
				SWIFT_OPTIMIZATION_LEVEL = "-Onone";
			};
			name = Debug;
		};
		BAF6DDD828E65E910075B6C3 /* Release */ = {
			isa = XCBuildConfiguration;
			buildSettings = {
				ALWAYS_SEARCH_USER_PATHS = NO;
				CLANG_ANALYZER_NONNULL = YES;
				CLANG_ANALYZER_NUMBER_OBJECT_CONVERSION = YES_AGGRESSIVE;
				CLANG_CXX_LANGUAGE_STANDARD = "gnu++20";
				CLANG_ENABLE_MODULES = YES;
				CLANG_ENABLE_OBJC_ARC = YES;
				CLANG_ENABLE_OBJC_WEAK = YES;
				CLANG_WARN_BLOCK_CAPTURE_AUTORELEASING = YES;
				CLANG_WARN_BOOL_CONVERSION = YES;
				CLANG_WARN_COMMA = YES;
				CLANG_WARN_CONSTANT_CONVERSION = YES;
				CLANG_WARN_DEPRECATED_OBJC_IMPLEMENTATIONS = YES;
				CLANG_WARN_DIRECT_OBJC_ISA_USAGE = YES_ERROR;
				CLANG_WARN_DOCUMENTATION_COMMENTS = YES;
				CLANG_WARN_EMPTY_BODY = YES;
				CLANG_WARN_ENUM_CONVERSION = YES;
				CLANG_WARN_INFINITE_RECURSION = YES;
				CLANG_WARN_INT_CONVERSION = YES;
				CLANG_WARN_NON_LITERAL_NULL_CONVERSION = YES;
				CLANG_WARN_OBJC_IMPLICIT_RETAIN_SELF = YES;
				CLANG_WARN_OBJC_LITERAL_CONVERSION = YES;
				CLANG_WARN_OBJC_ROOT_CLASS = YES_ERROR;
				CLANG_WARN_QUOTED_INCLUDE_IN_FRAMEWORK_HEADER = YES;
				CLANG_WARN_RANGE_LOOP_ANALYSIS = YES;
				CLANG_WARN_STRICT_PROTOTYPES = YES;
				CLANG_WARN_SUSPICIOUS_MOVE = YES;
				CLANG_WARN_UNGUARDED_AVAILABILITY = YES_AGGRESSIVE;
				CLANG_WARN_UNREACHABLE_CODE = YES;
				CLANG_WARN__DUPLICATE_METHOD_MATCH = YES;
				COPY_PHASE_STRIP = NO;
				DEBUG_INFORMATION_FORMAT = "dwarf-with-dsym";
				ENABLE_NS_ASSERTIONS = NO;
				ENABLE_STRICT_OBJC_MSGSEND = YES;
				GCC_C_LANGUAGE_STANDARD = gnu11;
				GCC_NO_COMMON_BLOCKS = YES;
				GCC_WARN_64_TO_32_BIT_CONVERSION = YES;
				GCC_WARN_ABOUT_RETURN_TYPE = YES_ERROR;
				GCC_WARN_UNDECLARED_SELECTOR = YES;
				GCC_WARN_UNINITIALIZED_AUTOS = YES_AGGRESSIVE;
				GCC_WARN_UNUSED_FUNCTION = YES;
				GCC_WARN_UNUSED_VARIABLE = YES;
				IPHONEOS_DEPLOYMENT_TARGET = 16.0;
				MTL_ENABLE_DEBUG_INFO = NO;
				MTL_FAST_MATH = YES;
				SDKROOT = iphoneos;
				SWIFT_COMPILATION_MODE = wholemodule;
				SWIFT_OPTIMIZATION_LEVEL = "-O";
				VALIDATE_PRODUCT = YES;
			};
			name = Release;
		};
		BAF6DDDA28E65E910075B6C3 /* Debug */ = {
			isa = XCBuildConfiguration;
			buildSettings = {
				ASSETCATALOG_COMPILER_APPICON_NAME = AppIcon;
				ASSETCATALOG_COMPILER_GLOBAL_ACCENT_COLOR_NAME = AccentColor;
				CODE_SIGN_STYLE = Automatic;
				CURRENT_PROJECT_VERSION = 1;
				DEVELOPMENT_ASSET_PATHS = "\"ValorantDex/Preview Content\"";
				DEVELOPMENT_TEAM = QRB568C47A;
				ENABLE_PREVIEWS = YES;
				GENERATE_INFOPLIST_FILE = YES;
				INFOPLIST_KEY_UIApplicationSceneManifest_Generation = YES;
				INFOPLIST_KEY_UIApplicationSupportsIndirectInputEvents = YES;
				INFOPLIST_KEY_UILaunchScreen_Generation = YES;
				INFOPLIST_KEY_UISupportedInterfaceOrientations_iPad = "UIInterfaceOrientationPortrait UIInterfaceOrientationPortraitUpsideDown UIInterfaceOrientationLandscapeLeft UIInterfaceOrientationLandscapeRight";
				INFOPLIST_KEY_UISupportedInterfaceOrientations_iPhone = "UIInterfaceOrientationPortrait UIInterfaceOrientationLandscapeLeft UIInterfaceOrientationLandscapeRight";
				LD_RUNPATH_SEARCH_PATHS = (
					"$(inherited)",
					"@executable_path/Frameworks",
				);
				MARKETING_VERSION = 1.0;
				PRODUCT_BUNDLE_IDENTIFIER = com.chevis.ValorantDex;
				PRODUCT_NAME = "$(TARGET_NAME)";
				SWIFT_EMIT_LOC_STRINGS = YES;
				SWIFT_VERSION = 5.0;
				TARGETED_DEVICE_FAMILY = "1,2";
			};
			name = Debug;
		};
		BAF6DDDB28E65E910075B6C3 /* Release */ = {
			isa = XCBuildConfiguration;
			buildSettings = {
				ASSETCATALOG_COMPILER_APPICON_NAME = AppIcon;
				ASSETCATALOG_COMPILER_GLOBAL_ACCENT_COLOR_NAME = AccentColor;
				CODE_SIGN_STYLE = Automatic;
				CURRENT_PROJECT_VERSION = 1;
				DEVELOPMENT_ASSET_PATHS = "\"ValorantDex/Preview Content\"";
				DEVELOPMENT_TEAM = QRB568C47A;
				ENABLE_PREVIEWS = YES;
				GENERATE_INFOPLIST_FILE = YES;
				INFOPLIST_KEY_UIApplicationSceneManifest_Generation = YES;
				INFOPLIST_KEY_UIApplicationSupportsIndirectInputEvents = YES;
				INFOPLIST_KEY_UILaunchScreen_Generation = YES;
				INFOPLIST_KEY_UISupportedInterfaceOrientations_iPad = "UIInterfaceOrientationPortrait UIInterfaceOrientationPortraitUpsideDown UIInterfaceOrientationLandscapeLeft UIInterfaceOrientationLandscapeRight";
				INFOPLIST_KEY_UISupportedInterfaceOrientations_iPhone = "UIInterfaceOrientationPortrait UIInterfaceOrientationLandscapeLeft UIInterfaceOrientationLandscapeRight";
				LD_RUNPATH_SEARCH_PATHS = (
					"$(inherited)",
					"@executable_path/Frameworks",
				);
				MARKETING_VERSION = 1.0;
				PRODUCT_BUNDLE_IDENTIFIER = com.chevis.ValorantDex;
				PRODUCT_NAME = "$(TARGET_NAME)";
				SWIFT_EMIT_LOC_STRINGS = YES;
				SWIFT_VERSION = 5.0;
				TARGETED_DEVICE_FAMILY = "1,2";
			};
			name = Release;
		};
/* End XCBuildConfiguration section */

/* Begin XCConfigurationList section */
		BAF6DDC628E65E8F0075B6C3 /* Build configuration list for PBXProject "ValorantDex" */ = {
			isa = XCConfigurationList;
			buildConfigurations = (
				BAF6DDD728E65E910075B6C3 /* Debug */,
				BAF6DDD828E65E910075B6C3 /* Release */,
			);
			defaultConfigurationIsVisible = 0;
			defaultConfigurationName = Release;
		};
		BAF6DDD928E65E910075B6C3 /* Build configuration list for PBXNativeTarget "ValorantDex" */ = {
			isa = XCConfigurationList;
			buildConfigurations = (
				BAF6DDDA28E65E910075B6C3 /* Debug */,
				BAF6DDDB28E65E910075B6C3 /* Release */,
			);
			defaultConfigurationIsVisible = 0;
			defaultConfigurationName = Release;
		};
/* End XCConfigurationList section */
	};
	rootObject = BAF6DDC328E65E8F0075B6C3 /* Project object */;
}
